// !$*UTF8*$!
{
	archiveVersion = 1;
	classes = {
	};
	objectVersion = 56;
	objects = {

/* Begin PBXBuildFile section */
		F307426B2A67274B00B9FDB6 /* ToDoSwiftUIFirebasePracticeApp.swift in Sources */ = {isa = PBXBuildFile; fileRef = F307426A2A67274B00B9FDB6 /* ToDoSwiftUIFirebasePracticeApp.swift */; };
		F307426D2A67274B00B9FDB6 /* ContentView.swift in Sources */ = {isa = PBXBuildFile; fileRef = F307426C2A67274B00B9FDB6 /* ContentView.swift */; };
		F307426F2A67274D00B9FDB6 /* Assets.xcassets in Resources */ = {isa = PBXBuildFile; fileRef = F307426E2A67274D00B9FDB6 /* Assets.xcassets */; };
		F30742722A67274D00B9FDB6 /* Preview Assets.xcassets in Resources */ = {isa = PBXBuildFile; fileRef = F30742712A67274D00B9FDB6 /* Preview Assets.xcassets */; };
		F307427C2A67274E00B9FDB6 /* ToDoSwiftUIFirebasePracticeTests.swift in Sources */ = {isa = PBXBuildFile; fileRef = F307427B2A67274E00B9FDB6 /* ToDoSwiftUIFirebasePracticeTests.swift */; };
		F30742862A67274E00B9FDB6 /* ToDoSwiftUIFirebasePracticeUITests.swift in Sources */ = {isa = PBXBuildFile; fileRef = F30742852A67274E00B9FDB6 /* ToDoSwiftUIFirebasePracticeUITests.swift */; };
		F30742882A67274E00B9FDB6 /* ToDoSwiftUIFirebasePracticeUITestsLaunchTests.swift in Sources */ = {isa = PBXBuildFile; fileRef = F30742872A67274E00B9FDB6 /* ToDoSwiftUIFirebasePracticeUITestsLaunchTests.swift */; };
		F30742962A6727F900B9FDB6 /* ToDoList.swift in Sources */ = {isa = PBXBuildFile; fileRef = F30742952A6727F900B9FDB6 /* ToDoList.swift */; };
		F30742982A67289500B9FDB6 /* TaskRow.swift in Sources */ = {isa = PBXBuildFile; fileRef = F30742972A67289500B9FDB6 /* TaskRow.swift */; };
		F307429F2A672F5200B9FDB6 /* NewTaskField.swift in Sources */ = {isa = PBXBuildFile; fileRef = F307429E2A672F5200B9FDB6 /* NewTaskField.swift */; };
		F30742A12A67350A00B9FDB6 /* Extensions.swift in Sources */ = {isa = PBXBuildFile; fileRef = F30742A02A67350A00B9FDB6 /* Extensions.swift */; };
		F30742A32A674EA100B9FDB6 /* Task.swift in Sources */ = {isa = PBXBuildFile; fileRef = F30742A22A674EA100B9FDB6 /* Task.swift */; };
		F30742A62A67530C00B9FDB6 /* TitleRow.swift in Sources */ = {isa = PBXBuildFile; fileRef = F30742A52A67530C00B9FDB6 /* TitleRow.swift */; };
		F30742A82A6848D600B9FDB6 /* GoogleService-Info.plist in Resources */ = {isa = PBXBuildFile; fileRef = F30742A72A6848D500B9FDB6 /* GoogleService-Info.plist */; };
		F30742AB2A684A9200B9FDB6 /* FirebaseFirestore in Frameworks */ = {isa = PBXBuildFile; productRef = F30742AA2A684A9200B9FDB6 /* FirebaseFirestore */; };
		F30742AD2A684A9200B9FDB6 /* FirebaseFirestoreSwift in Frameworks */ = {isa = PBXBuildFile; productRef = F30742AC2A684A9200B9FDB6 /* FirebaseFirestoreSwift */; };
		F30742B02A68524500B9FDB6 /* TaskManager.swift in Sources */ = {isa = PBXBuildFile; fileRef = F30742AF2A68524400B9FDB6 /* TaskManager.swift */; };
/* End PBXBuildFile section */

/* Begin PBXContainerItemProxy section */
		F30742782A67274D00B9FDB6 /* PBXContainerItemProxy */ = {
			isa = PBXContainerItemProxy;
			containerPortal = F307425F2A67274B00B9FDB6 /* Project object */;
			proxyType = 1;
			remoteGlobalIDString = F30742662A67274B00B9FDB6;
			remoteInfo = ToDoSwiftUIFirebasePractice;
		};
		F30742822A67274E00B9FDB6 /* PBXContainerItemProxy */ = {
			isa = PBXContainerItemProxy;
			containerPortal = F307425F2A67274B00B9FDB6 /* Project object */;
			proxyType = 1;
			remoteGlobalIDString = F30742662A67274B00B9FDB6;
			remoteInfo = ToDoSwiftUIFirebasePractice;
		};
/* End PBXContainerItemProxy section */

/* Begin PBXFileReference section */
		F30742672A67274B00B9FDB6 /* ToDoSwiftUIFirebasePractice.app */ = {isa = PBXFileReference; explicitFileType = wrapper.application; includeInIndex = 0; path = ToDoSwiftUIFirebasePractice.app; sourceTree = BUILT_PRODUCTS_DIR; };
		F307426A2A67274B00B9FDB6 /* ToDoSwiftUIFirebasePracticeApp.swift */ = {isa = PBXFileReference; lastKnownFileType = sourcecode.swift; path = ToDoSwiftUIFirebasePracticeApp.swift; sourceTree = "<group>"; };
		F307426C2A67274B00B9FDB6 /* ContentView.swift */ = {isa = PBXFileReference; lastKnownFileType = sourcecode.swift; path = ContentView.swift; sourceTree = "<group>"; };
		F307426E2A67274D00B9FDB6 /* Assets.xcassets */ = {isa = PBXFileReference; lastKnownFileType = folder.assetcatalog; path = Assets.xcassets; sourceTree = "<group>"; };
		F30742712A67274D00B9FDB6 /* Preview Assets.xcassets */ = {isa = PBXFileReference; lastKnownFileType = folder.assetcatalog; path = "Preview Assets.xcassets"; sourceTree = "<group>"; };
		F30742772A67274D00B9FDB6 /* ToDoSwiftUIFirebasePracticeTests.xctest */ = {isa = PBXFileReference; explicitFileType = wrapper.cfbundle; includeInIndex = 0; path = ToDoSwiftUIFirebasePracticeTests.xctest; sourceTree = BUILT_PRODUCTS_DIR; };
		F307427B2A67274E00B9FDB6 /* ToDoSwiftUIFirebasePracticeTests.swift */ = {isa = PBXFileReference; lastKnownFileType = sourcecode.swift; path = ToDoSwiftUIFirebasePracticeTests.swift; sourceTree = "<group>"; };
		F30742812A67274E00B9FDB6 /* ToDoSwiftUIFirebasePracticeUITests.xctest */ = {isa = PBXFileReference; explicitFileType = wrapper.cfbundle; includeInIndex = 0; path = ToDoSwiftUIFirebasePracticeUITests.xctest; sourceTree = BUILT_PRODUCTS_DIR; };
		F30742852A67274E00B9FDB6 /* ToDoSwiftUIFirebasePracticeUITests.swift */ = {isa = PBXFileReference; lastKnownFileType = sourcecode.swift; path = ToDoSwiftUIFirebasePracticeUITests.swift; sourceTree = "<group>"; };
		F30742872A67274E00B9FDB6 /* ToDoSwiftUIFirebasePracticeUITestsLaunchTests.swift */ = {isa = PBXFileReference; lastKnownFileType = sourcecode.swift; path = ToDoSwiftUIFirebasePracticeUITestsLaunchTests.swift; sourceTree = "<group>"; };
		F30742952A6727F900B9FDB6 /* ToDoList.swift */ = {isa = PBXFileReference; lastKnownFileType = sourcecode.swift; path = ToDoList.swift; sourceTree = "<group>"; };
		F30742972A67289500B9FDB6 /* TaskRow.swift */ = {isa = PBXFileReference; lastKnownFileType = sourcecode.swift; path = TaskRow.swift; sourceTree = "<group>"; };
		F307429E2A672F5200B9FDB6 /* NewTaskField.swift */ = {isa = PBXFileReference; lastKnownFileType = sourcecode.swift; path = NewTaskField.swift; sourceTree = "<group>"; };
		F30742A02A67350A00B9FDB6 /* Extensions.swift */ = {isa = PBXFileReference; lastKnownFileType = sourcecode.swift; path = Extensions.swift; sourceTree = "<group>"; };
		F30742A22A674EA100B9FDB6 /* Task.swift */ = {isa = PBXFileReference; lastKnownFileType = sourcecode.swift; path = Task.swift; sourceTree = "<group>"; };
		F30742A52A67530C00B9FDB6 /* TitleRow.swift */ = {isa = PBXFileReference; lastKnownFileType = sourcecode.swift; path = TitleRow.swift; sourceTree = "<group>"; };
		F30742A72A6848D500B9FDB6 /* GoogleService-Info.plist */ = {isa = PBXFileReference; fileEncoding = 4; lastKnownFileType = text.plist.xml; path = "GoogleService-Info.plist"; sourceTree = "<group>"; };
		F30742AE2A68505800B9FDB6 /* Info.plist */ = {isa = PBXFileReference; lastKnownFileType = text.plist; path = Info.plist; sourceTree = "<group>"; };
		F30742AF2A68524400B9FDB6 /* TaskManager.swift */ = {isa = PBXFileReference; lastKnownFileType = sourcecode.swift; path = TaskManager.swift; sourceTree = "<group>"; };
/* End PBXFileReference section */

/* Begin PBXFrameworksBuildPhase section */
		F30742642A67274B00B9FDB6 /* Frameworks */ = {
			isa = PBXFrameworksBuildPhase;
			buildActionMask = 2147483647;
			files = (
				F30742AB2A684A9200B9FDB6 /* FirebaseFirestore in Frameworks */,
				F30742AD2A684A9200B9FDB6 /* FirebaseFirestoreSwift in Frameworks */,
			);
			runOnlyForDeploymentPostprocessing = 0;
		};
		F30742742A67274D00B9FDB6 /* Frameworks */ = {
			isa = PBXFrameworksBuildPhase;
			buildActionMask = 2147483647;
			files = (
			);
			runOnlyForDeploymentPostprocessing = 0;
		};
		F307427E2A67274E00B9FDB6 /* Frameworks */ = {
			isa = PBXFrameworksBuildPhase;
			buildActionMask = 2147483647;
			files = (
			);
			runOnlyForDeploymentPostprocessing = 0;
		};
/* End PBXFrameworksBuildPhase section */

/* Begin PBXGroup section */
		F307425E2A67274B00B9FDB6 = {
			isa = PBXGroup;
			children = (
				F30742692A67274B00B9FDB6 /* ToDoSwiftUIFirebasePractice */,
				F307427A2A67274E00B9FDB6 /* ToDoSwiftUIFirebasePracticeTests */,
				F30742842A67274E00B9FDB6 /* ToDoSwiftUIFirebasePracticeUITests */,
				F30742682A67274B00B9FDB6 /* Products */,
			);
			sourceTree = "<group>";
		};
		F30742682A67274B00B9FDB6 /* Products */ = {
			isa = PBXGroup;
			children = (
				F30742672A67274B00B9FDB6 /* ToDoSwiftUIFirebasePractice.app */,
				F30742772A67274D00B9FDB6 /* ToDoSwiftUIFirebasePracticeTests.xctest */,
				F30742812A67274E00B9FDB6 /* ToDoSwiftUIFirebasePracticeUITests.xctest */,
			);
			name = Products;
			sourceTree = "<group>";
		};
		F30742692A67274B00B9FDB6 /* ToDoSwiftUIFirebasePractice */ = {
			isa = PBXGroup;
			children = (
				F30742AE2A68505800B9FDB6 /* Info.plist */,
				F30742A72A6848D500B9FDB6 /* GoogleService-Info.plist */,
				F307426A2A67274B00B9FDB6 /* ToDoSwiftUIFirebasePracticeApp.swift */,
				F307426C2A67274B00B9FDB6 /* ContentView.swift */,
				F30742A02A67350A00B9FDB6 /* Extensions.swift */,
				F30742A42A67511E00B9FDB6 /* Networking */,
				F307429D2A672ED000B9FDB6 /* Models */,
				F30742942A6727B800B9FDB6 /* Components */,
				F307426E2A67274D00B9FDB6 /* Assets.xcassets */,
				F30742702A67274D00B9FDB6 /* Preview Content */,
			);
			path = ToDoSwiftUIFirebasePractice;
			sourceTree = "<group>";
		};
		F30742702A67274D00B9FDB6 /* Preview Content */ = {
			isa = PBXGroup;
			children = (
				F30742712A67274D00B9FDB6 /* Preview Assets.xcassets */,
			);
			path = "Preview Content";
			sourceTree = "<group>";
		};
		F307427A2A67274E00B9FDB6 /* ToDoSwiftUIFirebasePracticeTests */ = {
			isa = PBXGroup;
			children = (
				F307427B2A67274E00B9FDB6 /* ToDoSwiftUIFirebasePracticeTests.swift */,
			);
			path = ToDoSwiftUIFirebasePracticeTests;
			sourceTree = "<group>";
		};
		F30742842A67274E00B9FDB6 /* ToDoSwiftUIFirebasePracticeUITests */ = {
			isa = PBXGroup;
			children = (
				F30742852A67274E00B9FDB6 /* ToDoSwiftUIFirebasePracticeUITests.swift */,
				F30742872A67274E00B9FDB6 /* ToDoSwiftUIFirebasePracticeUITestsLaunchTests.swift */,
			);
			path = ToDoSwiftUIFirebasePracticeUITests;
			sourceTree = "<group>";
		};
		F30742942A6727B800B9FDB6 /* Components */ = {
			isa = PBXGroup;
			children = (
				F30742952A6727F900B9FDB6 /* ToDoList.swift */,
				F30742972A67289500B9FDB6 /* TaskRow.swift */,
				F307429E2A672F5200B9FDB6 /* NewTaskField.swift */,
				F30742A52A67530C00B9FDB6 /* TitleRow.swift */,
			);
			path = Components;
			sourceTree = "<group>";
		};
		F307429D2A672ED000B9FDB6 /* Models */ = {
			isa = PBXGroup;
			children = (
				F30742A22A674EA100B9FDB6 /* Task.swift */,
			);
			path = Models;
			sourceTree = "<group>";
		};
		F30742A42A67511E00B9FDB6 /* Networking */ = {
			isa = PBXGroup;
			children = (
				F30742AF2A68524400B9FDB6 /* TaskManager.swift */,
			);
			path = Networking;
			sourceTree = "<group>";
		};
/* End PBXGroup section */

/* Begin PBXNativeTarget section */
		F30742662A67274B00B9FDB6 /* ToDoSwiftUIFirebasePractice */ = {
			isa = PBXNativeTarget;
			buildConfigurationList = F307428B2A67274E00B9FDB6 /* Build configuration list for PBXNativeTarget "ToDoSwiftUIFirebasePractice" */;
			buildPhases = (
				F30742632A67274B00B9FDB6 /* Sources */,
				F30742642A67274B00B9FDB6 /* Frameworks */,
				F30742652A67274B00B9FDB6 /* Resources */,
			);
			buildRules = (
			);
			dependencies = (
			);
			name = ToDoSwiftUIFirebasePractice;
			packageProductDependencies = (
				F30742AA2A684A9200B9FDB6 /* FirebaseFirestore */,
				F30742AC2A684A9200B9FDB6 /* FirebaseFirestoreSwift */,
			);
			productName = ToDoSwiftUIFirebasePractice;
			productReference = F30742672A67274B00B9FDB6 /* ToDoSwiftUIFirebasePractice.app */;
			productType = "com.apple.product-type.application";
		};
		F30742762A67274D00B9FDB6 /* ToDoSwiftUIFirebasePracticeTests */ = {
			isa = PBXNativeTarget;
			buildConfigurationList = F307428E2A67274E00B9FDB6 /* Build configuration list for PBXNativeTarget "ToDoSwiftUIFirebasePracticeTests" */;
			buildPhases = (
				F30742732A67274D00B9FDB6 /* Sources */,
				F30742742A67274D00B9FDB6 /* Frameworks */,
				F30742752A67274D00B9FDB6 /* Resources */,
			);
			buildRules = (
			);
			dependencies = (
				F30742792A67274D00B9FDB6 /* PBXTargetDependency */,
			);
			name = ToDoSwiftUIFirebasePracticeTests;
			productName = ToDoSwiftUIFirebasePracticeTests;
			productReference = F30742772A67274D00B9FDB6 /* ToDoSwiftUIFirebasePracticeTests.xctest */;
			productType = "com.apple.product-type.bundle.unit-test";
		};
		F30742802A67274E00B9FDB6 /* ToDoSwiftUIFirebasePracticeUITests */ = {
			isa = PBXNativeTarget;
			buildConfigurationList = F30742912A67274E00B9FDB6 /* Build configuration list for PBXNativeTarget "ToDoSwiftUIFirebasePracticeUITests" */;
			buildPhases = (
				F307427D2A67274E00B9FDB6 /* Sources */,
				F307427E2A67274E00B9FDB6 /* Frameworks */,
				F307427F2A67274E00B9FDB6 /* Resources */,
			);
			buildRules = (
			);
			dependencies = (
				F30742832A67274E00B9FDB6 /* PBXTargetDependency */,
			);
			name = ToDoSwiftUIFirebasePracticeUITests;
			productName = ToDoSwiftUIFirebasePracticeUITests;
			productReference = F30742812A67274E00B9FDB6 /* ToDoSwiftUIFirebasePracticeUITests.xctest */;
			productType = "com.apple.product-type.bundle.ui-testing";
		};
/* End PBXNativeTarget section */

/* Begin PBXProject section */
		F307425F2A67274B00B9FDB6 /* Project object */ = {
			isa = PBXProject;
			attributes = {
				BuildIndependentTargetsInParallel = 1;
				LastSwiftUpdateCheck = 1420;
				LastUpgradeCheck = 1420;
				TargetAttributes = {
					F30742662A67274B00B9FDB6 = {
						CreatedOnToolsVersion = 14.2;
					};
					F30742762A67274D00B9FDB6 = {
						CreatedOnToolsVersion = 14.2;
						TestTargetID = F30742662A67274B00B9FDB6;
					};
					F30742802A67274E00B9FDB6 = {
						CreatedOnToolsVersion = 14.2;
						TestTargetID = F30742662A67274B00B9FDB6;
					};
				};
			};
			buildConfigurationList = F30742622A67274B00B9FDB6 /* Build configuration list for PBXProject "ToDoSwiftUIFirebasePractice" */;
			compatibilityVersion = "Xcode 14.0";
			developmentRegion = en;
			hasScannedForEncodings = 0;
			knownRegions = (
				en,
				Base,
			);
			mainGroup = F307425E2A67274B00B9FDB6;
			packageReferences = (
				F30742A92A684A9200B9FDB6 /* XCRemoteSwiftPackageReference "firebase-ios-sdk" */,
			);
			productRefGroup = F30742682A67274B00B9FDB6 /* Products */;
			projectDirPath = "";
			projectRoot = "";
			targets = (
				F30742662A67274B00B9FDB6 /* ToDoSwiftUIFirebasePractice */,
				F30742762A67274D00B9FDB6 /* ToDoSwiftUIFirebasePracticeTests */,
				F30742802A67274E00B9FDB6 /* ToDoSwiftUIFirebasePracticeUITests */,
			);
		};
/* End PBXProject section */

/* Begin PBXResourcesBuildPhase section */
		F30742652A67274B00B9FDB6 /* Resources */ = {
			isa = PBXResourcesBuildPhase;
			buildActionMask = 2147483647;
			files = (
				F30742722A67274D00B9FDB6 /* Preview Assets.xcassets in Resources */,
				F30742A82A6848D600B9FDB6 /* GoogleService-Info.plist in Resources */,
				F307426F2A67274D00B9FDB6 /* Assets.xcassets in Resources */,
			);
			runOnlyForDeploymentPostprocessing = 0;
		};
		F30742752A67274D00B9FDB6 /* Resources */ = {
			isa = PBXResourcesBuildPhase;
			buildActionMask = 2147483647;
			files = (
			);
			runOnlyForDeploymentPostprocessing = 0;
		};
		F307427F2A67274E00B9FDB6 /* Resources */ = {
			isa = PBXResourcesBuildPhase;
			buildActionMask = 2147483647;
			files = (
			);
			runOnlyForDeploymentPostprocessing = 0;
		};
/* End PBXResourcesBuildPhase section */

/* Begin PBXSourcesBuildPhase section */
		F30742632A67274B00B9FDB6 /* Sources */ = {
			isa = PBXSourcesBuildPhase;
			buildActionMask = 2147483647;
			files = (
				F30742B02A68524500B9FDB6 /* TaskManager.swift in Sources */,
				F30742962A6727F900B9FDB6 /* ToDoList.swift in Sources */,
				F30742A12A67350A00B9FDB6 /* Extensions.swift in Sources */,
				F307426D2A67274B00B9FDB6 /* ContentView.swift in Sources */,
				F30742A62A67530C00B9FDB6 /* TitleRow.swift in Sources */,
				F307429F2A672F5200B9FDB6 /* NewTaskField.swift in Sources */,
				F307426B2A67274B00B9FDB6 /* ToDoSwiftUIFirebasePracticeApp.swift in Sources */,
				F30742A32A674EA100B9FDB6 /* Task.swift in Sources */,
				F30742982A67289500B9FDB6 /* TaskRow.swift in Sources */,
			);
			runOnlyForDeploymentPostprocessing = 0;
		};
		F30742732A67274D00B9FDB6 /* Sources */ = {
			isa = PBXSourcesBuildPhase;
			buildActionMask = 2147483647;
			files = (
				F307427C2A67274E00B9FDB6 /* ToDoSwiftUIFirebasePracticeTests.swift in Sources */,
			);
			runOnlyForDeploymentPostprocessing = 0;
		};
		F307427D2A67274E00B9FDB6 /* Sources */ = {
			isa = PBXSourcesBuildPhase;
			buildActionMask = 2147483647;
			files = (
				F30742882A67274E00B9FDB6 /* ToDoSwiftUIFirebasePracticeUITestsLaunchTests.swift in Sources */,
				F30742862A67274E00B9FDB6 /* ToDoSwiftUIFirebasePracticeUITests.swift in Sources */,
			);
			runOnlyForDeploymentPostprocessing = 0;
		};
/* End PBXSourcesBuildPhase section */

/* Begin PBXTargetDependency section */
		F30742792A67274D00B9FDB6 /* PBXTargetDependency */ = {
			isa = PBXTargetDependency;
			target = F30742662A67274B00B9FDB6 /* ToDoSwiftUIFirebasePractice */;
			targetProxy = F30742782A67274D00B9FDB6 /* PBXContainerItemProxy */;
		};
		F30742832A67274E00B9FDB6 /* PBXTargetDependency */ = {
			isa = PBXTargetDependency;
			target = F30742662A67274B00B9FDB6 /* ToDoSwiftUIFirebasePractice */;
			targetProxy = F30742822A67274E00B9FDB6 /* PBXContainerItemProxy */;
		};
/* End PBXTargetDependency section */

/* Begin XCBuildConfiguration section */
		F30742892A67274E00B9FDB6 /* Debug */ = {
			isa = XCBuildConfiguration;
			buildSettings = {
				ALWAYS_SEARCH_USER_PATHS = NO;
				CLANG_ANALYZER_NONNULL = YES;
				CLANG_ANALYZER_NUMBER_OBJECT_CONVERSION = YES_AGGRESSIVE;
				CLANG_CXX_LANGUAGE_STANDARD = "gnu++20";
				CLANG_ENABLE_MODULES = YES;
				CLANG_ENABLE_OBJC_ARC = YES;
				CLANG_ENABLE_OBJC_WEAK = YES;
				CLANG_WARN_BLOCK_CAPTURE_AUTORELEASING = YES;
				CLANG_WARN_BOOL_CONVERSION = YES;
				CLANG_WARN_COMMA = YES;
				CLANG_WARN_CONSTANT_CONVERSION = YES;
				CLANG_WARN_DEPRECATED_OBJC_IMPLEMENTATIONS = YES;
				CLANG_WARN_DIRECT_OBJC_ISA_USAGE = YES_ERROR;
				CLANG_WARN_DOCUMENTATION_COMMENTS = YES;
				CLANG_WARN_EMPTY_BODY = YES;
				CLANG_WARN_ENUM_CONVERSION = YES;
				CLANG_WARN_INFINITE_RECURSION = YES;
				CLANG_WARN_INT_CONVERSION = YES;
				CLANG_WARN_NON_LITERAL_NULL_CONVERSION = YES;
				CLANG_WARN_OBJC_IMPLICIT_RETAIN_SELF = YES;
				CLANG_WARN_OBJC_LITERAL_CONVERSION = YES;
				CLANG_WARN_OBJC_ROOT_CLASS = YES_ERROR;
				CLANG_WARN_QUOTED_INCLUDE_IN_FRAMEWORK_HEADER = YES;
				CLANG_WARN_RANGE_LOOP_ANALYSIS = YES;
				CLANG_WARN_STRICT_PROTOTYPES = YES;
				CLANG_WARN_SUSPICIOUS_MOVE = YES;
				CLANG_WARN_UNGUARDED_AVAILABILITY = YES_AGGRESSIVE;
				CLANG_WARN_UNREACHABLE_CODE = YES;
				CLANG_WARN__DUPLICATE_METHOD_MATCH = YES;
				COPY_PHASE_STRIP = NO;
				DEBUG_INFORMATION_FORMAT = dwarf;
				ENABLE_STRICT_OBJC_MSGSEND = YES;
				ENABLE_TESTABILITY = YES;
				GCC_C_LANGUAGE_STANDARD = gnu11;
				GCC_DYNAMIC_NO_PIC = NO;
				GCC_NO_COMMON_BLOCKS = YES;
				GCC_OPTIMIZATION_LEVEL = 0;
				GCC_PREPROCESSOR_DEFINITIONS = (
					"DEBUG=1",
					"$(inherited)",
				);
				GCC_WARN_64_TO_32_BIT_CONVERSION = YES;
				GCC_WARN_ABOUT_RETURN_TYPE = YES_ERROR;
				GCC_WARN_UNDECLARED_SELECTOR = YES;
				GCC_WARN_UNINITIALIZED_AUTOS = YES_AGGRESSIVE;
				GCC_WARN_UNUSED_FUNCTION = YES;
				GCC_WARN_UNUSED_VARIABLE = YES;
				IPHONEOS_DEPLOYMENT_TARGET = 16.2;
				MTL_ENABLE_DEBUG_INFO = INCLUDE_SOURCE;
				MTL_FAST_MATH = YES;
				ONLY_ACTIVE_ARCH = YES;
				SDKROOT = iphoneos;
				SWIFT_ACTIVE_COMPILATION_CONDITIONS = DEBUG;
				SWIFT_OPTIMIZATION_LEVEL = "-Onone";
			};
			name = Debug;
		};
		F307428A2A67274E00B9FDB6 /* Release */ = {
			isa = XCBuildConfiguration;
			buildSettings = {
				ALWAYS_SEARCH_USER_PATHS = NO;
				CLANG_ANALYZER_NONNULL = YES;
				CLANG_ANALYZER_NUMBER_OBJECT_CONVERSION = YES_AGGRESSIVE;
				CLANG_CXX_LANGUAGE_STANDARD = "gnu++20";
				CLANG_ENABLE_MODULES = YES;
				CLANG_ENABLE_OBJC_ARC = YES;
				CLANG_ENABLE_OBJC_WEAK = YES;
				CLANG_WARN_BLOCK_CAPTURE_AUTORELEASING = YES;
				CLANG_WARN_BOOL_CONVERSION = YES;
				CLANG_WARN_COMMA = YES;
				CLANG_WARN_CONSTANT_CONVERSION = YES;
				CLANG_WARN_DEPRECATED_OBJC_IMPLEMENTATIONS = YES;
				CLANG_WARN_DIRECT_OBJC_ISA_USAGE = YES_ERROR;
				CLANG_WARN_DOCUMENTATION_COMMENTS = YES;
				CLANG_WARN_EMPTY_BODY = YES;
				CLANG_WARN_ENUM_CONVERSION = YES;
				CLANG_WARN_INFINITE_RECURSION = YES;
				CLANG_WARN_INT_CONVERSION = YES;
				CLANG_WARN_NON_LITERAL_NULL_CONVERSION = YES;
				CLANG_WARN_OBJC_IMPLICIT_RETAIN_SELF = YES;
				CLANG_WARN_OBJC_LITERAL_CONVERSION = YES;
				CLANG_WARN_OBJC_ROOT_CLASS = YES_ERROR;
				CLANG_WARN_QUOTED_INCLUDE_IN_FRAMEWORK_HEADER = YES;
				CLANG_WARN_RANGE_LOOP_ANALYSIS = YES;
				CLANG_WARN_STRICT_PROTOTYPES = YES;
				CLANG_WARN_SUSPICIOUS_MOVE = YES;
				CLANG_WARN_UNGUARDED_AVAILABILITY = YES_AGGRESSIVE;
				CLANG_WARN_UNREACHABLE_CODE = YES;
				CLANG_WARN__DUPLICATE_METHOD_MATCH = YES;
				COPY_PHASE_STRIP = NO;
				DEBUG_INFORMATION_FORMAT = "dwarf-with-dsym";
				ENABLE_NS_ASSERTIONS = NO;
				ENABLE_STRICT_OBJC_MSGSEND = YES;
				GCC_C_LANGUAGE_STANDARD = gnu11;
				GCC_NO_COMMON_BLOCKS = YES;
				GCC_WARN_64_TO_32_BIT_CONVERSION = YES;
				GCC_WARN_ABOUT_RETURN_TYPE = YES_ERROR;
				GCC_WARN_UNDECLARED_SELECTOR = YES;
				GCC_WARN_UNINITIALIZED_AUTOS = YES_AGGRESSIVE;
				GCC_WARN_UNUSED_FUNCTION = YES;
				GCC_WARN_UNUSED_VARIABLE = YES;
				IPHONEOS_DEPLOYMENT_TARGET = 16.2;
				MTL_ENABLE_DEBUG_INFO = NO;
				MTL_FAST_MATH = YES;
				SDKROOT = iphoneos;
				SWIFT_COMPILATION_MODE = wholemodule;
				SWIFT_OPTIMIZATION_LEVEL = "-O";
				VALIDATE_PRODUCT = YES;
			};
			name = Release;
		};
		F307428C2A67274E00B9FDB6 /* Debug */ = {
			isa = XCBuildConfiguration;
			buildSettings = {
				ASSETCATALOG_COMPILER_APPICON_NAME = AppIcon;
				ASSETCATALOG_COMPILER_GLOBAL_ACCENT_COLOR_NAME = AccentColor;
				CODE_SIGN_STYLE = Automatic;
				CURRENT_PROJECT_VERSION = 1;
				DEVELOPMENT_ASSET_PATHS = "\"ToDoSwiftUIFirebasePractice/Preview Content\"";
				DEVELOPMENT_TEAM = VH5XLSQ3W2;
				ENABLE_PREVIEWS = YES;
				GENERATE_INFOPLIST_FILE = YES;
				INFOPLIST_FILE = ToDoSwiftUIFirebasePractice/Info.plist;
				INFOPLIST_KEY_UIApplicationSupportsIndirectInputEvents = YES;
				INFOPLIST_KEY_UILaunchScreen_Generation = YES;
				INFOPLIST_KEY_UISupportedInterfaceOrientations_iPad = "UIInterfaceOrientationPortrait UIInterfaceOrientationPortraitUpsideDown UIInterfaceOrientationLandscapeLeft UIInterfaceOrientationLandscapeRight";
				INFOPLIST_KEY_UISupportedInterfaceOrientations_iPhone = "UIInterfaceOrientationPortrait UIInterfaceOrientationLandscapeLeft UIInterfaceOrientationLandscapeRight";
				LD_RUNPATH_SEARCH_PATHS = (
					"$(inherited)",
					"@executable_path/Frameworks",
				);
				MARKETING_VERSION = 1.0;
				PRODUCT_BUNDLE_IDENTIFIER = com.kelsey.ToDoSwiftUIFirebasePractice;
				PRODUCT_NAME = "$(TARGET_NAME)";
				SWIFT_EMIT_LOC_STRINGS = YES;
				SWIFT_VERSION = 5.0;
				TARGETED_DEVICE_FAMILY = "1,2";
			};
			name = Debug;
		};
		F307428D2A67274E00B9FDB6 /* Release */ = {
			isa = XCBuildConfiguration;
			buildSettings = {
				ASSETCATALOG_COMPILER_APPICON_NAME = AppIcon;
				ASSETCATALOG_COMPILER_GLOBAL_ACCENT_COLOR_NAME = AccentColor;
				CODE_SIGN_STYLE = Automatic;
				CURRENT_PROJECT_VERSION = 1;
				DEVELOPMENT_ASSET_PATHS = "\"ToDoSwiftUIFirebasePractice/Preview Content\"";
				DEVELOPMENT_TEAM = VH5XLSQ3W2;
				ENABLE_PREVIEWS = YES;
				GENERATE_INFOPLIST_FILE = YES;
				INFOPLIST_FILE = ToDoSwiftUIFirebasePractice/Info.plist;
				INFOPLIST_KEY_UIApplicationSupportsIndirectInputEvents = YES;
				INFOPLIST_KEY_UILaunchScreen_Generation = YES;
				INFOPLIST_KEY_UISupportedInterfaceOrientations_iPad = "UIInterfaceOrientationPortrait UIInterfaceOrientationPortraitUpsideDown UIInterfaceOrientationLandscapeLeft UIInterfaceOrientationLandscapeRight";
				INFOPLIST_KEY_UISupportedInterfaceOrientations_iPhone = "UIInterfaceOrientationPortrait UIInterfaceOrientationLandscapeLeft UIInterfaceOrientationLandscapeRight";
				LD_RUNPATH_SEARCH_PATHS = (
					"$(inherited)",
					"@executable_path/Frameworks",
				);
				MARKETING_VERSION = 1.0;
				PRODUCT_BUNDLE_IDENTIFIER = com.kelsey.ToDoSwiftUIFirebasePractice;
				PRODUCT_NAME = "$(TARGET_NAME)";
				SWIFT_EMIT_LOC_STRINGS = YES;
				SWIFT_VERSION = 5.0;
				TARGETED_DEVICE_FAMILY = "1,2";
			};
			name = Release;
		};
		F307428F2A67274E00B9FDB6 /* Debug */ = {
			isa = XCBuildConfiguration;
			buildSettings = {
				ALWAYS_EMBED_SWIFT_STANDARD_LIBRARIES = YES;
				BUNDLE_LOADER = "$(TEST_HOST)";
				CODE_SIGN_STYLE = Automatic;
				CURRENT_PROJECT_VERSION = 1;
				DEVELOPMENT_TEAM = VH5XLSQ3W2;
				GENERATE_INFOPLIST_FILE = YES;
				IPHONEOS_DEPLOYMENT_TARGET = 16.2;
				MARKETING_VERSION = 1.0;
				PRODUCT_BUNDLE_IDENTIFIER = com.kelsey.ToDoSwiftUIFirebasePracticeTests;
				PRODUCT_NAME = "$(TARGET_NAME)";
				SWIFT_EMIT_LOC_STRINGS = NO;
				SWIFT_VERSION = 5.0;
				TARGETED_DEVICE_FAMILY = "1,2";
				TEST_HOST = "$(BUILT_PRODUCTS_DIR)/ToDoSwiftUIFirebasePractice.app/$(BUNDLE_EXECUTABLE_FOLDER_PATH)/ToDoSwiftUIFirebasePractice";
			};
			name = Debug;
		};
		F30742902A67274E00B9FDB6 /* Release */ = {
			isa = XCBuildConfiguration;
			buildSettings = {
				ALWAYS_EMBED_SWIFT_STANDARD_LIBRARIES = YES;
				BUNDLE_LOADER = "$(TEST_HOST)";
				CODE_SIGN_STYLE = Automatic;
				CURRENT_PROJECT_VERSION = 1;
				DEVELOPMENT_TEAM = VH5XLSQ3W2;
				GENERATE_INFOPLIST_FILE = YES;
				IPHONEOS_DEPLOYMENT_TARGET = 16.2;
				MARKETING_VERSION = 1.0;
				PRODUCT_BUNDLE_IDENTIFIER = com.kelsey.ToDoSwiftUIFirebasePracticeTests;
				PRODUCT_NAME = "$(TARGET_NAME)";
				SWIFT_EMIT_LOC_STRINGS = NO;
				SWIFT_VERSION = 5.0;
				TARGETED_DEVICE_FAMILY = "1,2";
				TEST_HOST = "$(BUILT_PRODUCTS_DIR)/ToDoSwiftUIFirebasePractice.app/$(BUNDLE_EXECUTABLE_FOLDER_PATH)/ToDoSwiftUIFirebasePractice";
			};
			name = Release;
		};
		F30742922A67274E00B9FDB6 /* Debug */ = {
			isa = XCBuildConfiguration;
			buildSettings = {
				ALWAYS_EMBED_SWIFT_STANDARD_LIBRARIES = YES;
				CODE_SIGN_STYLE = Automatic;
				CURRENT_PROJECT_VERSION = 1;
				DEVELOPMENT_TEAM = VH5XLSQ3W2;
				GENERATE_INFOPLIST_FILE = YES;
				MARKETING_VERSION = 1.0;
				PRODUCT_BUNDLE_IDENTIFIER = com.kelsey.ToDoSwiftUIFirebasePracticeUITests;
				PRODUCT_NAME = "$(TARGET_NAME)";
				SWIFT_EMIT_LOC_STRINGS = NO;
				SWIFT_VERSION = 5.0;
				TARGETED_DEVICE_FAMILY = "1,2";
				TEST_TARGET_NAME = ToDoSwiftUIFirebasePractice;
			};
			name = Debug;
		};
		F30742932A67274E00B9FDB6 /* Release */ = {
			isa = XCBuildConfiguration;
			buildSettings = {
				ALWAYS_EMBED_SWIFT_STANDARD_LIBRARIES = YES;
				CODE_SIGN_STYLE = Automatic;
				CURRENT_PROJECT_VERSION = 1;
				DEVELOPMENT_TEAM = VH5XLSQ3W2;
				GENERATE_INFOPLIST_FILE = YES;
				MARKETING_VERSION = 1.0;
				PRODUCT_BUNDLE_IDENTIFIER = com.kelsey.ToDoSwiftUIFirebasePracticeUITests;
				PRODUCT_NAME = "$(TARGET_NAME)";
				SWIFT_EMIT_LOC_STRINGS = NO;
				SWIFT_VERSION = 5.0;
				TARGETED_DEVICE_FAMILY = "1,2";
				TEST_TARGET_NAME = ToDoSwiftUIFirebasePractice;
			};
			name = Release;
		};
/* End XCBuildConfiguration section */

/* Begin XCConfigurationList section */
		F30742622A67274B00B9FDB6 /* Build configuration list for PBXProject "ToDoSwiftUIFirebasePractice" */ = {
			isa = XCConfigurationList;
			buildConfigurations = (
				F30742892A67274E00B9FDB6 /* Debug */,
				F307428A2A67274E00B9FDB6 /* Release */,
			);
			defaultConfigurationIsVisible = 0;
			defaultConfigurationName = Release;
		};
		F307428B2A67274E00B9FDB6 /* Build configuration list for PBXNativeTarget "ToDoSwiftUIFirebasePractice" */ = {
			isa = XCConfigurationList;
			buildConfigurations = (
				F307428C2A67274E00B9FDB6 /* Debug */,
				F307428D2A67274E00B9FDB6 /* Release */,
			);
			defaultConfigurationIsVisible = 0;
			defaultConfigurationName = Release;
		};
		F307428E2A67274E00B9FDB6 /* Build configuration list for PBXNativeTarget "ToDoSwiftUIFirebasePracticeTests" */ = {
			isa = XCConfigurationList;
			buildConfigurations = (
				F307428F2A67274E00B9FDB6 /* Debug */,
				F30742902A67274E00B9FDB6 /* Release */,
			);
			defaultConfigurationIsVisible = 0;
			defaultConfigurationName = Release;
		};
		F30742912A67274E00B9FDB6 /* Build configuration list for PBXNativeTarget "ToDoSwiftUIFirebasePracticeUITests" */ = {
			isa = XCConfigurationList;
			buildConfigurations = (
				F30742922A67274E00B9FDB6 /* Debug */,
				F30742932A67274E00B9FDB6 /* Release */,
			);
			defaultConfigurationIsVisible = 0;
			defaultConfigurationName = Release;
		};
/* End XCConfigurationList section */

/* Begin XCRemoteSwiftPackageReference section */
		F30742A92A684A9200B9FDB6 /* XCRemoteSwiftPackageReference "firebase-ios-sdk" */ = {
			isa = XCRemoteSwiftPackageReference;
			repositoryURL = "https://github.com/firebase/firebase-ios-sdk";
			requirement = {
				branch = master;
				kind = branch;
			};
		};
/* End XCRemoteSwiftPackageReference section */

/* Begin XCSwiftPackageProductDependency section */
		F30742AA2A684A9200B9FDB6 /* FirebaseFirestore */ = {
			isa = XCSwiftPackageProductDependency;
			package = F30742A92A684A9200B9FDB6 /* XCRemoteSwiftPackageReference "firebase-ios-sdk" */;
			productName = FirebaseFirestore;
		};
		F30742AC2A684A9200B9FDB6 /* FirebaseFirestoreSwift */ = {
			isa = XCSwiftPackageProductDependency;
			package = F30742A92A684A9200B9FDB6 /* XCRemoteSwiftPackageReference "firebase-ios-sdk" */;
			productName = FirebaseFirestoreSwift;
		};
/* End XCSwiftPackageProductDependency section */
	};
	rootObject = F307425F2A67274B00B9FDB6 /* Project object */;
}
